// !$*UTF8*$!
{
	archiveVersion = 1;
	classes = {
	};
	objectVersion = 50;
	objects = {

/* Begin PBXBuildFile section */
		B86D3E0A2363304600D618E1 /* 20-validParentheses-E.swift in Sources */ = {isa = PBXBuildFile; fileRef = B86D3E092363304600D618E1 /* 20-validParentheses-E.swift */; };
		B86D3E0C2363346400D618E1 /* 155-MinStack-E.swift in Sources */ = {isa = PBXBuildFile; fileRef = B86D3E0B2363346400D618E1 /* 155-MinStack-E.swift */; };
		B86D3E0E2363396800D618E1 /* 84-LargestRectangleArea-H.swift in Sources */ = {isa = PBXBuildFile; fileRef = B86D3E0D2363396800D618E1 /* 84-LargestRectangleArea-H.swift */; };
		B86D3E1123634A2900D618E1 /* 641-DesignCircularDeque-H.swift in Sources */ = {isa = PBXBuildFile; fileRef = B86D3E1023634A2900D618E1 /* 641-DesignCircularDeque-H.swift */; };
		B86D3E1323634AA800D618E1 /* 42-TrappingRainWater-H.swift in Sources */ = {isa = PBXBuildFile; fileRef = B86D3E1223634AA800D618E1 /* 42-TrappingRainWater-H.swift */; };
		B86D3E1523634B0F00D618E1 /* 239-MaxSlidingWindow-H.swift in Sources */ = {isa = PBXBuildFile; fileRef = B86D3E1423634B0F00D618E1 /* 239-MaxSlidingWindow-H.swift */; };
		B86D3E1723635A6400D618E1 /* 242-validAnagram-E.swift in Sources */ = {isa = PBXBuildFile; fileRef = B86D3E1623635A6400D618E1 /* 242-validAnagram-E.swift */; };
		B86D3E192364A5BE00D618E1 /* 49-GroupAnagrams-M.swift in Sources */ = {isa = PBXBuildFile; fileRef = B86D3E182364A5BE00D618E1 /* 49-GroupAnagrams-M.swift */; };
		B86D3E1B23673C9800D618E1 /* TreeNode.swift in Sources */ = {isa = PBXBuildFile; fileRef = B86D3E1A23673C9800D618E1 /* TreeNode.swift */; };
		B86D3E1D2367429100D618E1 /* 94-BinaryTreeInorderTraversal-M.swift in Sources */ = {isa = PBXBuildFile; fileRef = B86D3E1C2367429100D618E1 /* 94-BinaryTreeInorderTraversal-M.swift */; };
		B8F03DE4235C6D1400EA2716 /* main.swift in Sources */ = {isa = PBXBuildFile; fileRef = B8F03DE3235C6D1400EA2716 /* main.swift */; };
		B8F03DEC235C6DB600EA2716 /* 283-moveZeroes-E.swift in Sources */ = {isa = PBXBuildFile; fileRef = B8F03DEB235C6DB600EA2716 /* 283-moveZeroes-E.swift */; };
		B8F03DEE235C6E4300EA2716 /* 11-maxArea-M.swift in Sources */ = {isa = PBXBuildFile; fileRef = B8F03DED235C6E4300EA2716 /* 11-maxArea-M.swift */; };
		B8F03DF0235C6E9100EA2716 /* 70-climbStairs-E.swift in Sources */ = {isa = PBXBuildFile; fileRef = B8F03DEF235C6E9100EA2716 /* 70-climbStairs-E.swift */; };
		B8F03DF2235C6EB400EA2716 /* 1-TwoSum-E.swift in Sources */ = {isa = PBXBuildFile; fileRef = B8F03DF1235C6EB400EA2716 /* 1-TwoSum-E.swift */; };
		B8F03DF4235C6EDC00EA2716 /* 15-3Sum-M.swift in Sources */ = {isa = PBXBuildFile; fileRef = B8F03DF3235C6EDC00EA2716 /* 15-3Sum-M.swift */; };
		B8F03DF6235C6F0900EA2716 /* 206-reverse-linked-list-E.swift in Sources */ = {isa = PBXBuildFile; fileRef = B8F03DF5235C6F0900EA2716 /* 206-reverse-linked-list-E.swift */; };
		B8F03DF9235C701100EA2716 /* ListNode.swift in Sources */ = {isa = PBXBuildFile; fileRef = B8F03DF8235C701100EA2716 /* ListNode.swift */; };
		B8F03DFE235C807D00EA2716 /* 189-rotateArray-E.swift in Sources */ = {isa = PBXBuildFile; fileRef = B8F03DFD235C807D00EA2716 /* 189-rotateArray-E.swift */; };
		B8F03E00235C8C4B00EA2716 /* 88-mergeSortedArray-E.swift in Sources */ = {isa = PBXBuildFile; fileRef = B8F03DFF235C8C4B00EA2716 /* 88-mergeSortedArray-E.swift */; };
		B8F03E02235C906700EA2716 /* 66-plusOne-E.swift in Sources */ = {isa = PBXBuildFile; fileRef = B8F03E01235C906700EA2716 /* 66-plusOne-E.swift */; };
/* End PBXBuildFile section */

/* Begin PBXCopyFilesBuildPhase section */
		B8F03DDE235C6D1400EA2716 /* CopyFiles */ = {
			isa = PBXCopyFilesBuildPhase;
			buildActionMask = 2147483647;
			dstPath = /usr/share/man/man1/;
			dstSubfolderSpec = 0;
			files = (
			);
			runOnlyForDeploymentPostprocessing = 1;
		};
/* End PBXCopyFilesBuildPhase section */

/* Begin PBXFileReference section */
		B86D3E092363304600D618E1 /* 20-validParentheses-E.swift */ = {isa = PBXFileReference; lastKnownFileType = sourcecode.swift; path = "20-validParentheses-E.swift"; sourceTree = "<group>"; };
		B86D3E0B2363346400D618E1 /* 155-MinStack-E.swift */ = {isa = PBXFileReference; lastKnownFileType = sourcecode.swift; path = "155-MinStack-E.swift"; sourceTree = "<group>"; };
		B86D3E0D2363396800D618E1 /* 84-LargestRectangleArea-H.swift */ = {isa = PBXFileReference; lastKnownFileType = sourcecode.swift; path = "84-LargestRectangleArea-H.swift"; sourceTree = "<group>"; };
		B86D3E1023634A2900D618E1 /* 641-DesignCircularDeque-H.swift */ = {isa = PBXFileReference; lastKnownFileType = sourcecode.swift; path = "641-DesignCircularDeque-H.swift"; sourceTree = "<group>"; };
		B86D3E1223634AA800D618E1 /* 42-TrappingRainWater-H.swift */ = {isa = PBXFileReference; lastKnownFileType = sourcecode.swift; path = "42-TrappingRainWater-H.swift"; sourceTree = "<group>"; };
		B86D3E1423634B0F00D618E1 /* 239-MaxSlidingWindow-H.swift */ = {isa = PBXFileReference; lastKnownFileType = sourcecode.swift; path = "239-MaxSlidingWindow-H.swift"; sourceTree = "<group>"; };
		B86D3E1623635A6400D618E1 /* 242-validAnagram-E.swift */ = {isa = PBXFileReference; lastKnownFileType = sourcecode.swift; path = "242-validAnagram-E.swift"; sourceTree = "<group>"; };
		B86D3E182364A5BE00D618E1 /* 49-GroupAnagrams-M.swift */ = {isa = PBXFileReference; lastKnownFileType = sourcecode.swift; path = "49-GroupAnagrams-M.swift"; sourceTree = "<group>"; };
		B86D3E1A23673C9800D618E1 /* TreeNode.swift */ = {isa = PBXFileReference; lastKnownFileType = sourcecode.swift; path = TreeNode.swift; sourceTree = "<group>"; };
		B86D3E1C2367429100D618E1 /* 94-BinaryTreeInorderTraversal-M.swift */ = {isa = PBXFileReference; lastKnownFileType = sourcecode.swift; path = "94-BinaryTreeInorderTraversal-M.swift"; sourceTree = "<group>"; };
		B8F03DE0235C6D1400EA2716 /* LeetCode */ = {isa = PBXFileReference; explicitFileType = "compiled.mach-o.executable"; includeInIndex = 0; path = LeetCode; sourceTree = BUILT_PRODUCTS_DIR; };
		B8F03DE3235C6D1400EA2716 /* main.swift */ = {isa = PBXFileReference; lastKnownFileType = sourcecode.swift; path = main.swift; sourceTree = "<group>"; };
		B8F03DEB235C6DB600EA2716 /* 283-moveZeroes-E.swift */ = {isa = PBXFileReference; lastKnownFileType = sourcecode.swift; path = "283-moveZeroes-E.swift"; sourceTree = "<group>"; };
		B8F03DED235C6E4300EA2716 /* 11-maxArea-M.swift */ = {isa = PBXFileReference; lastKnownFileType = sourcecode.swift; path = "11-maxArea-M.swift"; sourceTree = "<group>"; };
		B8F03DEF235C6E9100EA2716 /* 70-climbStairs-E.swift */ = {isa = PBXFileReference; lastKnownFileType = sourcecode.swift; path = "70-climbStairs-E.swift"; sourceTree = "<group>"; };
		B8F03DF1235C6EB400EA2716 /* 1-TwoSum-E.swift */ = {isa = PBXFileReference; lastKnownFileType = sourcecode.swift; path = "1-TwoSum-E.swift"; sourceTree = "<group>"; };
		B8F03DF3235C6EDC00EA2716 /* 15-3Sum-M.swift */ = {isa = PBXFileReference; lastKnownFileType = sourcecode.swift; path = "15-3Sum-M.swift"; sourceTree = "<group>"; };
		B8F03DF5235C6F0900EA2716 /* 206-reverse-linked-list-E.swift */ = {isa = PBXFileReference; lastKnownFileType = sourcecode.swift; path = "206-reverse-linked-list-E.swift"; sourceTree = "<group>"; };
		B8F03DF8235C701100EA2716 /* ListNode.swift */ = {isa = PBXFileReference; lastKnownFileType = sourcecode.swift; path = ListNode.swift; sourceTree = "<group>"; };
		B8F03DFD235C807D00EA2716 /* 189-rotateArray-E.swift */ = {isa = PBXFileReference; lastKnownFileType = sourcecode.swift; path = "189-rotateArray-E.swift"; sourceTree = "<group>"; };
		B8F03DFF235C8C4B00EA2716 /* 88-mergeSortedArray-E.swift */ = {isa = PBXFileReference; lastKnownFileType = sourcecode.swift; path = "88-mergeSortedArray-E.swift"; sourceTree = "<group>"; };
		B8F03E01235C906700EA2716 /* 66-plusOne-E.swift */ = {isa = PBXFileReference; lastKnownFileType = sourcecode.swift; path = "66-plusOne-E.swift"; sourceTree = "<group>"; };
/* End PBXFileReference section */

/* Begin PBXFrameworksBuildPhase section */
		B8F03DDD235C6D1400EA2716 /* Frameworks */ = {
			isa = PBXFrameworksBuildPhase;
			buildActionMask = 2147483647;
			files = (
			);
			runOnlyForDeploymentPostprocessing = 0;
		};
/* End PBXFrameworksBuildPhase section */

/* Begin PBXGroup section */
		B86D3E0F23634A1B00D618E1 /* 601-700 */ = {
			isa = PBXGroup;
			children = (
				B86D3E1023634A2900D618E1 /* 641-DesignCircularDeque-H.swift */,
			);
			path = "601-700";
			sourceTree = "<group>";
		};
		B8F03DD7235C6D1400EA2716 = {
			isa = PBXGroup;
			children = (
				B8F03DE2235C6D1400EA2716 /* LeetCode */,
				B8F03DE1235C6D1400EA2716 /* Products */,
			);
			sourceTree = "<group>";
		};
		B8F03DE1235C6D1400EA2716 /* Products */ = {
			isa = PBXGroup;
			children = (
				B8F03DE0235C6D1400EA2716 /* LeetCode */,
			);
			name = Products;
			sourceTree = "<group>";
		};
		B8F03DE2235C6D1400EA2716 /* LeetCode */ = {
			isa = PBXGroup;
			children = (
				B8F03DE3235C6D1400EA2716 /* main.swift */,
				B8F03DFB235C7FB800EA2716 /* 1-100 */,
				B8F03DFA235C7FB700EA2716 /* 101-200 */,
				B8F03DFC235C7FB800EA2716 /* 201-300 */,
				B86D3E0F23634A1B00D618E1 /* 601-700 */,
				B8F03DF7235C6FFF00EA2716 /* Class */,
			);
			path = LeetCode;
			sourceTree = "<group>";
		};
		B8F03DF7235C6FFF00EA2716 /* Class */ = {
			isa = PBXGroup;
			children = (
				B8F03DF8235C701100EA2716 /* ListNode.swift */,
				B86D3E1A23673C9800D618E1 /* TreeNode.swift */,
			);
			path = Class;
			sourceTree = "<group>";
		};
		B8F03DFA235C7FB700EA2716 /* 101-200 */ = {
			isa = PBXGroup;
			children = (
				B86D3E0B2363346400D618E1 /* 155-MinStack-E.swift */,
				B8F03DFD235C807D00EA2716 /* 189-rotateArray-E.swift */,
			);
			path = "101-200";
			sourceTree = "<group>";
		};
		B8F03DFB235C7FB800EA2716 /* 1-100 */ = {
			isa = PBXGroup;
			children = (
				B8F03DF1235C6EB400EA2716 /* 1-TwoSum-E.swift */,
				B8F03DED235C6E4300EA2716 /* 11-maxArea-M.swift */,
				B86D3E092363304600D618E1 /* 20-validParentheses-E.swift */,
				B8F03DF3235C6EDC00EA2716 /* 15-3Sum-M.swift */,
				B86D3E1223634AA800D618E1 /* 42-TrappingRainWater-H.swift */,
				B86D3E182364A5BE00D618E1 /* 49-GroupAnagrams-M.swift */,
				B8F03E01235C906700EA2716 /* 66-plusOne-E.swift */,
				B8F03DEF235C6E9100EA2716 /* 70-climbStairs-E.swift */,
				B86D3E0D2363396800D618E1 /* 84-LargestRectangleArea-H.swift */,
				B8F03DFF235C8C4B00EA2716 /* 88-mergeSortedArray-E.swift */,
				B86D3E1C2367429100D618E1 /* 94-BinaryTreeInorderTraversal-M.swift */,
			);
			path = "1-100";
			sourceTree = "<group>";
		};
		B8F03DFC235C7FB800EA2716 /* 201-300 */ = {
			isa = PBXGroup;
			children = (
				B8F03DF5235C6F0900EA2716 /* 206-reverse-linked-list-E.swift */,
				B86D3E1423634B0F00D618E1 /* 239-MaxSlidingWindow-H.swift */,
				B86D3E1623635A6400D618E1 /* 242-validAnagram-E.swift */,
				B8F03DEB235C6DB600EA2716 /* 283-moveZeroes-E.swift */,
			);
			path = "201-300";
			sourceTree = "<group>";
		};
/* End PBXGroup section */

/* Begin PBXNativeTarget section */
		B8F03DDF235C6D1400EA2716 /* LeetCode */ = {
			isa = PBXNativeTarget;
			buildConfigurationList = B8F03DE7235C6D1400EA2716 /* Build configuration list for PBXNativeTarget "LeetCode" */;
			buildPhases = (
				B8F03DDC235C6D1400EA2716 /* Sources */,
				B8F03DDD235C6D1400EA2716 /* Frameworks */,
				B8F03DDE235C6D1400EA2716 /* CopyFiles */,
			);
			buildRules = (
			);
			dependencies = (
			);
			name = LeetCode;
			productName = LeetCode;
			productReference = B8F03DE0235C6D1400EA2716 /* LeetCode */;
			productType = "com.apple.product-type.tool";
		};
/* End PBXNativeTarget section */

/* Begin PBXProject section */
		B8F03DD8235C6D1400EA2716 /* Project object */ = {
			isa = PBXProject;
			attributes = {
				LastSwiftUpdateCheck = 1100;
				LastUpgradeCheck = 1100;
				ORGANIZATIONNAME = "张银龙";
				TargetAttributes = {
					B8F03DDF235C6D1400EA2716 = {
						CreatedOnToolsVersion = 11.0;
					};
				};
			};
			buildConfigurationList = B8F03DDB235C6D1400EA2716 /* Build configuration list for PBXProject "LeetCode" */;
			compatibilityVersion = "Xcode 9.3";
			developmentRegion = en;
			hasScannedForEncodings = 0;
			knownRegions = (
				en,
				Base,
			);
			mainGroup = B8F03DD7235C6D1400EA2716;
			productRefGroup = B8F03DE1235C6D1400EA2716 /* Products */;
			projectDirPath = "";
			projectRoot = "";
			targets = (
				B8F03DDF235C6D1400EA2716 /* LeetCode */,
			);
		};
/* End PBXProject section */

/* Begin PBXSourcesBuildPhase section */
		B8F03DDC235C6D1400EA2716 /* Sources */ = {
			isa = PBXSourcesBuildPhase;
			buildActionMask = 2147483647;
			files = (
				B86D3E192364A5BE00D618E1 /* 49-GroupAnagrams-M.swift in Sources */,
				B8F03DF2235C6EB400EA2716 /* 1-TwoSum-E.swift in Sources */,
				B86D3E0A2363304600D618E1 /* 20-validParentheses-E.swift in Sources */,
				B86D3E1B23673C9800D618E1 /* TreeNode.swift in Sources */,
				B86D3E1523634B0F00D618E1 /* 239-MaxSlidingWindow-H.swift in Sources */,
				B8F03DF6235C6F0900EA2716 /* 206-reverse-linked-list-E.swift in Sources */,
				B8F03DF0235C6E9100EA2716 /* 70-climbStairs-E.swift in Sources */,
				B8F03E02235C906700EA2716 /* 66-plusOne-E.swift in Sources */,
				B8F03DF9235C701100EA2716 /* ListNode.swift in Sources */,
				B8F03DEE235C6E4300EA2716 /* 11-maxArea-M.swift in Sources */,
				B86D3E0E2363396800D618E1 /* 84-LargestRectangleArea-H.swift in Sources */,
				B86D3E1123634A2900D618E1 /* 641-DesignCircularDeque-H.swift in Sources */,
				B8F03DFE235C807D00EA2716 /* 189-rotateArray-E.swift in Sources */,
				B86D3E1323634AA800D618E1 /* 42-TrappingRainWater-H.swift in Sources */,
				B8F03DEC235C6DB600EA2716 /* 283-moveZeroes-E.swift in Sources */,
				B86D3E1D2367429100D618E1 /* 94-BinaryTreeInorderTraversal-M.swift in Sources */,
				B86D3E0C2363346400D618E1 /* 155-MinStack-E.swift in Sources */,
				B8F03E00235C8C4B00EA2716 /* 88-mergeSortedArray-E.swift in Sources */,
				B86D3E1723635A6400D618E1 /* 242-validAnagram-E.swift in Sources */,
				B8F03DE4235C6D1400EA2716 /* main.swift in Sources */,
				B8F03DF4235C6EDC00EA2716 /* 15-3Sum-M.swift in Sources */,
			);
			runOnlyForDeploymentPostprocessing = 0;
		};
/* End PBXSourcesBuildPhase section */

/* Begin XCBuildConfiguration section */
		B8F03DE5235C6D1400EA2716 /* Debug */ = {
			isa = XCBuildConfiguration;
			buildSettings = {
				ALWAYS_SEARCH_USER_PATHS = NO;
				CLANG_ANALYZER_NONNULL = YES;
				CLANG_ANALYZER_NUMBER_OBJECT_CONVERSION = YES_AGGRESSIVE;
				CLANG_CXX_LANGUAGE_STANDARD = "gnu++14";
				CLANG_CXX_LIBRARY = "libc++";
				CLANG_ENABLE_MODULES = YES;
				CLANG_ENABLE_OBJC_ARC = YES;
				CLANG_ENABLE_OBJC_WEAK = YES;
				CLANG_WARN_BLOCK_CAPTURE_AUTORELEASING = YES;
				CLANG_WARN_BOOL_CONVERSION = YES;
				CLANG_WARN_COMMA = YES;
				CLANG_WARN_CONSTANT_CONVERSION = YES;
				CLANG_WARN_DEPRECATED_OBJC_IMPLEMENTATIONS = YES;
				CLANG_WARN_DIRECT_OBJC_ISA_USAGE = YES_ERROR;
				CLANG_WARN_DOCUMENTATION_COMMENTS = YES;
				CLANG_WARN_EMPTY_BODY = YES;
				CLANG_WARN_ENUM_CONVERSION = YES;
				CLANG_WARN_INFINITE_RECURSION = YES;
				CLANG_WARN_INT_CONVERSION = YES;
				CLANG_WARN_NON_LITERAL_NULL_CONVERSION = YES;
				CLANG_WARN_OBJC_IMPLICIT_RETAIN_SELF = YES;
				CLANG_WARN_OBJC_LITERAL_CONVERSION = YES;
				CLANG_WARN_OBJC_ROOT_CLASS = YES_ERROR;
				CLANG_WARN_RANGE_LOOP_ANALYSIS = YES;
				CLANG_WARN_STRICT_PROTOTYPES = YES;
				CLANG_WARN_SUSPICIOUS_MOVE = YES;
				CLANG_WARN_UNGUARDED_AVAILABILITY = YES_AGGRESSIVE;
				CLANG_WARN_UNREACHABLE_CODE = YES;
				CLANG_WARN__DUPLICATE_METHOD_MATCH = YES;
				COPY_PHASE_STRIP = NO;
				DEBUG_INFORMATION_FORMAT = dwarf;
				ENABLE_STRICT_OBJC_MSGSEND = YES;
				ENABLE_TESTABILITY = YES;
				GCC_C_LANGUAGE_STANDARD = gnu11;
				GCC_DYNAMIC_NO_PIC = NO;
				GCC_NO_COMMON_BLOCKS = YES;
				GCC_OPTIMIZATION_LEVEL = 0;
				GCC_PREPROCESSOR_DEFINITIONS = (
					"DEBUG=1",
					"$(inherited)",
				);
				GCC_WARN_64_TO_32_BIT_CONVERSION = YES;
				GCC_WARN_ABOUT_RETURN_TYPE = YES_ERROR;
				GCC_WARN_UNDECLARED_SELECTOR = YES;
				GCC_WARN_UNINITIALIZED_AUTOS = YES_AGGRESSIVE;
				GCC_WARN_UNUSED_FUNCTION = YES;
				GCC_WARN_UNUSED_VARIABLE = YES;
				MACOSX_DEPLOYMENT_TARGET = 10.15;
				MTL_ENABLE_DEBUG_INFO = INCLUDE_SOURCE;
				MTL_FAST_MATH = YES;
				ONLY_ACTIVE_ARCH = YES;
				SDKROOT = macosx;
				SWIFT_ACTIVE_COMPILATION_CONDITIONS = DEBUG;
				SWIFT_OPTIMIZATION_LEVEL = "-Onone";
			};
			name = Debug;
		};
		B8F03DE6235C6D1400EA2716 /* Release */ = {
			isa = XCBuildConfiguration;
			buildSettings = {
				ALWAYS_SEARCH_USER_PATHS = NO;
				CLANG_ANALYZER_NONNULL = YES;
				CLANG_ANALYZER_NUMBER_OBJECT_CONVERSION = YES_AGGRESSIVE;
				CLANG_CXX_LANGUAGE_STANDARD = "gnu++14";
				CLANG_CXX_LIBRARY = "libc++";
				CLANG_ENABLE_MODULES = YES;
				CLANG_ENABLE_OBJC_ARC = YES;
				CLANG_ENABLE_OBJC_WEAK = YES;
				CLANG_WARN_BLOCK_CAPTURE_AUTORELEASING = YES;
				CLANG_WARN_BOOL_CONVERSION = YES;
				CLANG_WARN_COMMA = YES;
				CLANG_WARN_CONSTANT_CONVERSION = YES;
				CLANG_WARN_DEPRECATED_OBJC_IMPLEMENTATIONS = YES;
				CLANG_WARN_DIRECT_OBJC_ISA_USAGE = YES_ERROR;
				CLANG_WARN_DOCUMENTATION_COMMENTS = YES;
				CLANG_WARN_EMPTY_BODY = YES;
				CLANG_WARN_ENUM_CONVERSION = YES;
				CLANG_WARN_INFINITE_RECURSION = YES;
				CLANG_WARN_INT_CONVERSION = YES;
				CLANG_WARN_NON_LITERAL_NULL_CONVERSION = YES;
				CLANG_WARN_OBJC_IMPLICIT_RETAIN_SELF = YES;
				CLANG_WARN_OBJC_LITERAL_CONVERSION = YES;
				CLANG_WARN_OBJC_ROOT_CLASS = YES_ERROR;
				CLANG_WARN_RANGE_LOOP_ANALYSIS = YES;
				CLANG_WARN_STRICT_PROTOTYPES = YES;
				CLANG_WARN_SUSPICIOUS_MOVE = YES;
				CLANG_WARN_UNGUARDED_AVAILABILITY = YES_AGGRESSIVE;
				CLANG_WARN_UNREACHABLE_CODE = YES;
				CLANG_WARN__DUPLICATE_METHOD_MATCH = YES;
				COPY_PHASE_STRIP = NO;
				DEBUG_INFORMATION_FORMAT = "dwarf-with-dsym";
				ENABLE_NS_ASSERTIONS = NO;
				ENABLE_STRICT_OBJC_MSGSEND = YES;
				GCC_C_LANGUAGE_STANDARD = gnu11;
				GCC_NO_COMMON_BLOCKS = YES;
				GCC_WARN_64_TO_32_BIT_CONVERSION = YES;
				GCC_WARN_ABOUT_RETURN_TYPE = YES_ERROR;
				GCC_WARN_UNDECLARED_SELECTOR = YES;
				GCC_WARN_UNINITIALIZED_AUTOS = YES_AGGRESSIVE;
				GCC_WARN_UNUSED_FUNCTION = YES;
				GCC_WARN_UNUSED_VARIABLE = YES;
				MACOSX_DEPLOYMENT_TARGET = 10.15;
				MTL_ENABLE_DEBUG_INFO = NO;
				MTL_FAST_MATH = YES;
				SDKROOT = macosx;
				SWIFT_COMPILATION_MODE = wholemodule;
				SWIFT_OPTIMIZATION_LEVEL = "-O";
			};
			name = Release;
		};
		B8F03DE8235C6D1400EA2716 /* Debug */ = {
			isa = XCBuildConfiguration;
			buildSettings = {
				CODE_SIGN_STYLE = Automatic;
				DEVELOPMENT_TEAM = 5CB6FU3N5X;
				ENABLE_HARDENED_RUNTIME = YES;
				PRODUCT_NAME = "$(TARGET_NAME)";
				SWIFT_VERSION = 5.0;
			};
			name = Debug;
		};
		B8F03DE9235C6D1400EA2716 /* Release */ = {
			isa = XCBuildConfiguration;
			buildSettings = {
				CODE_SIGN_STYLE = Automatic;
				DEVELOPMENT_TEAM = 5CB6FU3N5X;
				ENABLE_HARDENED_RUNTIME = YES;
				PRODUCT_NAME = "$(TARGET_NAME)";
				SWIFT_VERSION = 5.0;
			};
			name = Release;
		};
/* End XCBuildConfiguration section */

/* Begin XCConfigurationList section */
		B8F03DDB235C6D1400EA2716 /* Build configuration list for PBXProject "LeetCode" */ = {
			isa = XCConfigurationList;
			buildConfigurations = (
				B8F03DE5235C6D1400EA2716 /* Debug */,
				B8F03DE6235C6D1400EA2716 /* Release */,
			);
			defaultConfigurationIsVisible = 0;
			defaultConfigurationName = Release;
		};
		B8F03DE7235C6D1400EA2716 /* Build configuration list for PBXNativeTarget "LeetCode" */ = {
			isa = XCConfigurationList;
			buildConfigurations = (
				B8F03DE8235C6D1400EA2716 /* Debug */,
				B8F03DE9235C6D1400EA2716 /* Release */,
			);
			defaultConfigurationIsVisible = 0;
			defaultConfigurationName = Release;
		};
/* End XCConfigurationList section */
	};
	rootObject = B8F03DD8235C6D1400EA2716 /* Project object */;
}
