// !$*UTF8*$!
{
	archiveVersion = 1;
	classes = {
	};
	objectVersion = 50;
	objects = {

/* Begin PBXBuildFile section */
		D3A1320227A3F5A900140828 /* Sort.swift in Sources */ = {isa = PBXBuildFile; fileRef = D3A1320127A3F5A900140828 /* Sort.swift */; };
		D3A6EE3627B3C7D600A6C162 /* 49-GroupAnagrams-M.swift in Sources */ = {isa = PBXBuildFile; fileRef = B86D3E182364A5BE00D618E1 /* 49-GroupAnagrams-M.swift */; };
		D3A6EE3727B3C7D600A6C162 /* 703-KthLargest-E.swift in Sources */ = {isa = PBXBuildFile; fileRef = B8A15BA424114160007D5C7A /* 703-KthLargest-E.swift */; };
		D3A6EE3827B3C7D600A6C162 /* 98-ValidateBinarySearchTree-M.swift in Sources */ = {isa = PBXBuildFile; fileRef = B8E9F53D2379AB2400C4F308 /* 98-ValidateBinarySearchTree-M.swift */; };
		D3A6EE3927B3C7D600A6C162 /* 1-TwoSum-E.swift in Sources */ = {isa = PBXBuildFile; fileRef = B8F03DF1235C6EB400EA2716 /* 1-TwoSum-E.swift */; };
		D3A6EE3A27B3C7D600A6C162 /* 20-validParentheses-E.swift in Sources */ = {isa = PBXBuildFile; fileRef = B86D3E092363304600D618E1 /* 20-validParentheses-E.swift */; };
		D3A6EE3B27B3C7D600A6C162 /* TreeNode.swift in Sources */ = {isa = PBXBuildFile; fileRef = B86D3E1A23673C9800D618E1 /* TreeNode.swift */; };
		D3A6EE3C27B3C7D600A6C162 /* 51-SolveNQueens-H.swift in Sources */ = {isa = PBXBuildFile; fileRef = D393BF1C269C322B00672E81 /* 51-SolveNQueens-H.swift */; };
		D3A6EE3D27B3C7D600A6C162 /* 18-4Sum-M.swift in Sources */ = {isa = PBXBuildFile; fileRef = D35536732696ABC4007ED6EF /* 18-4Sum-M.swift */; };
		D3A6EE3E27B3C7D600A6C162 /* 105-ConstructBinaryTreeFromPreorderAndInorderTraversal-M.swift in Sources */ = {isa = PBXBuildFile; fileRef = B8E9F545237DA7F900C4F308 /* 105-ConstructBinaryTreeFromPreorderAndInorderTraversal-M.swift */; };
		D3A6EE3F27B3C7D600A6C162 /* 239-MaxSlidingWindow-H.swift in Sources */ = {isa = PBXBuildFile; fileRef = B86D3E1423634B0F00D618E1 /* 239-MaxSlidingWindow-H.swift */; };
		D3A6EE4027B3C7D600A6C162 /* 19-RemoveNthNodeFromEndOfList-M.swift in Sources */ = {isa = PBXBuildFile; fileRef = B8B36C5A2402A6B20009F5C1 /* 19-RemoveNthNodeFromEndOfList-M.swift */; };
		D3A6EE4127B3C7D600A6C162 /* 876-middle-of-the-linked-list-E.swift in Sources */ = {isa = PBXBuildFile; fileRef = B8B36C602402B8630009F5C1 /* 876-middle-of-the-linked-list-E.swift */; };
		D3A6EE4227B3C7D600A6C162 /* 50-PowXN-M.swift in Sources */ = {isa = PBXBuildFile; fileRef = B86B8C312396A9960068A949 /* 50-PowXN-M.swift */; };
		D3A6EE4327B3C7D600A6C162 /* 235-LowestCommonAncestor-E.swift in Sources */ = {isa = PBXBuildFile; fileRef = D393BF162697F0B500672E81 /* 235-LowestCommonAncestor-E.swift */; };
		D3A6EE4427B3C7D600A6C162 /* 24-swap-nodes-in-pairs-M.swift in Sources */ = {isa = PBXBuildFile; fileRef = B8A15B9A240BFBB8007D5C7A /* 24-swap-nodes-in-pairs-M.swift */; };
		D3A6EE4527B3C7D600A6C162 /* 206-reverse-linked-list-E.swift in Sources */ = {isa = PBXBuildFile; fileRef = B8F03DF5235C6F0900EA2716 /* 206-reverse-linked-list-E.swift */; };
		D3A6EE4627B3C7D600A6C162 /* 844-Backspace-string-compare-E.swift in Sources */ = {isa = PBXBuildFile; fileRef = B8A15BA2240FFA5D007D5C7A /* 844-Backspace-string-compare-E.swift */; };
		D3A6EE4727B3C7D600A6C162 /* BinarySearch.swift in Sources */ = {isa = PBXBuildFile; fileRef = B8A15BA724128CEC007D5C7A /* BinarySearch.swift */; };
		D3A6EE4827B3C7D600A6C162 /* 226-InvertBinaryTree-E.swift in Sources */ = {isa = PBXBuildFile; fileRef = B8E9F53B237865FA00C4F308 /* 226-InvertBinaryTree-E.swift */; };
		D3A6EE4927B3C7D600A6C162 /* 122-MaxProfit-ii-E.swift in Sources */ = {isa = PBXBuildFile; fileRef = D393BF18269843DA00672E81 /* 122-MaxProfit-ii-E.swift */; };
		D3A6EE4A27B3C7D600A6C162 /* 111-MinimumDepthBinaryTree-E.swift in Sources */ = {isa = PBXBuildFile; fileRef = B8E9F541237B02A200C4F308 /* 111-MinimumDepthBinaryTree-E.swift */; };
		D3A6EE4B27B3C7D600A6C162 /* 70-climbStairs-E.swift in Sources */ = {isa = PBXBuildFile; fileRef = B8F03DEF235C6E9100EA2716 /* 70-climbStairs-E.swift */; };
		D3A6EE4C27B3C7D600A6C162 /* 36-IsValidSudoku-M.swift in Sources */ = {isa = PBXBuildFile; fileRef = D393BF2126A0271400672E81 /* 36-IsValidSudoku-M.swift */; };
		D3A6EE4D27B3C7D600A6C162 /* 66-plusOne-E.swift in Sources */ = {isa = PBXBuildFile; fileRef = B8F03E01235C906700EA2716 /* 66-plusOne-E.swift */; };
		D3A6EE4E27B3C7D600A6C162 /* ListNode.swift in Sources */ = {isa = PBXBuildFile; fileRef = B8F03DF8235C701100EA2716 /* ListNode.swift */; };
		D3A6EE4F27B3C7D600A6C162 /* Node.swift in Sources */ = {isa = PBXBuildFile; fileRef = B86D3E2023689F5B00D618E1 /* Node.swift */; };
		D3A6EE5027B3C7D600A6C162 /* 11-maxArea-M.swift in Sources */ = {isa = PBXBuildFile; fileRef = B8F03DED235C6E4300EA2716 /* 11-maxArea-M.swift */; };
		D3A6EE5127B3C7D600A6C162 /* 84-LargestRectangleArea-H.swift in Sources */ = {isa = PBXBuildFile; fileRef = B86D3E0D2363396800D618E1 /* 84-LargestRectangleArea-H.swift */; };
		D3A6EE5227B3C7D600A6C162 /* 641-DesignCircularDeque-H.swift in Sources */ = {isa = PBXBuildFile; fileRef = B86D3E1023634A2900D618E1 /* 641-DesignCircularDeque-H.swift */; };
		D3A6EE5327B3C7D600A6C162 /* 21-merge-two-sorted-lists-E.swift in Sources */ = {isa = PBXBuildFile; fileRef = B8B36C622403EFC80009F5C1 /* 21-merge-two-sorted-lists-E.swift */; };
		D3A6EE5427B3C7D600A6C162 /* 142-linked-list-cycle-ii-M.swift in Sources */ = {isa = PBXBuildFile; fileRef = B8A15B98240BF124007D5C7A /* 142-linked-list-cycle-ii-M.swift */; };
		D3A6EE5527B3C7D600A6C162 /* 189-rotateArray-E.swift in Sources */ = {isa = PBXBuildFile; fileRef = B8F03DFD235C807D00EA2716 /* 189-rotateArray-E.swift */; };
		D3A6EE5627B3C7D600A6C162 /* 42-TrappingRainWater-H.swift in Sources */ = {isa = PBXBuildFile; fileRef = B86D3E1223634AA800D618E1 /* 42-TrappingRainWater-H.swift */; };
		D3A6EE5727B3C7D600A6C162 /* 283-moveZeroes-E.swift in Sources */ = {isa = PBXBuildFile; fileRef = B8F03DEB235C6DB600EA2716 /* 283-moveZeroes-E.swift */; };
		D3A6EE5827B3C7D600A6C162 /* 46-Permutations-M.swift in Sources */ = {isa = PBXBuildFile; fileRef = B88F434C23804187004D65FB /* 46-Permutations-M.swift */; };
		D3A6EE5927B3C7D600A6C162 /* 94-BinaryTreeInorderTraversal-M.swift in Sources */ = {isa = PBXBuildFile; fileRef = B86D3E1C2367429100D618E1 /* 94-BinaryTreeInorderTraversal-M.swift */; };
		D3A6EE5A27B3C7D600A6C162 /* 47-Permutations2-M.swift in Sources */ = {isa = PBXBuildFile; fileRef = B88F434E23804A8B004D65FB /* 47-Permutations2-M.swift */; };
		D3A6EE5B27B3C7D600A6C162 /* 590-NTreePostorderTraversal-E.swift in Sources */ = {isa = PBXBuildFile; fileRef = B86D3E232368A03600D618E1 /* 590-NTreePostorderTraversal-E.swift */; };
		D3A6EE5C27B3C7D600A6C162 /* 78-Subsets-M.swift in Sources */ = {isa = PBXBuildFile; fileRef = B86B8C33239801780068A949 /* 78-Subsets-M.swift */; };
		D3A6EE5D27B3C7D600A6C162 /* 155-MinStack-E.swift in Sources */ = {isa = PBXBuildFile; fileRef = B86D3E0B2363346400D618E1 /* 155-MinStack-E.swift */; };
		D3A6EE5E27B3C7D600A6C162 /* 236-LowestCommonAncestor-M.swift in Sources */ = {isa = PBXBuildFile; fileRef = B8E9F543237C484100C4F308 /* 236-LowestCommonAncestor-M.swift */; };
		D3A6EE5F27B3C7D600A6C162 /* 17-LetterCombinationsPhoneNumber-M.swift in Sources */ = {isa = PBXBuildFile; fileRef = B86B8C37239EAB700068A949 /* 17-LetterCombinationsPhoneNumber-M.swift */; };
		D3A6EE6027B3C7D600A6C162 /* 141-LinkedListCycle-E.swift in Sources */ = {isa = PBXBuildFile; fileRef = B8B36C5C2402B1400009F5C1 /* 141-LinkedListCycle-E.swift */; };
		D3A6EE6127B3C7D600A6C162 /* 88-mergeSortedArray-E.swift in Sources */ = {isa = PBXBuildFile; fileRef = B8F03DFF235C8C4B00EA2716 /* 88-mergeSortedArray-E.swift */; };
		D3A6EE6227B3C7D600A6C162 /* 102-LevelOrder-M.swift in Sources */ = {isa = PBXBuildFile; fileRef = D393BF1A269C204700672E81 /* 102-LevelOrder-M.swift */; };
		D3A6EE6327B3C7D600A6C162 /* 242-validAnagram-E.swift in Sources */ = {isa = PBXBuildFile; fileRef = B86D3E1623635A6400D618E1 /* 242-validAnagram-E.swift */; };
		D3A6EE6427B3C7D600A6C162 /* 225-MyStack-E.swift in Sources */ = {isa = PBXBuildFile; fileRef = B8A15B9E240FED5C007D5C7A /* 225-MyStack-E.swift */; };
		D3A6EE6527B3C7D600A6C162 /* 169-MajorityElement-E.swift in Sources */ = {isa = PBXBuildFile; fileRef = B86B8C35239D163B0068A949 /* 169-MajorityElement-E.swift */; };
		D3A6EE6627B3C7D600A6C162 /* 589-NTreePreorderTraversal-E.swift in Sources */ = {isa = PBXBuildFile; fileRef = B86D3E252368A3FC00D618E1 /* 589-NTreePreorderTraversal-E.swift */; };
		D3A6EE6727B3C7D600A6C162 /* main.swift in Sources */ = {isa = PBXBuildFile; fileRef = B8F03DE3235C6D1400EA2716 /* main.swift */; };
		D3A6EE6827B3C7D600A6C162 /* 144-BinaryTreePreorderTraversal-M.swift in Sources */ = {isa = PBXBuildFile; fileRef = B86D3E1E2367448100D618E1 /* 144-BinaryTreePreorderTraversal-M.swift */; };
		D3A6EE6927B3C7D600A6C162 /* 15-3Sum-M.swift in Sources */ = {isa = PBXBuildFile; fileRef = B8F03DF3235C6EDC00EA2716 /* 15-3Sum-M.swift */; };
		D3A6EE6A27B3C7D600A6C162 /* 104-MaximumDepthBinaryTree-E.swift in Sources */ = {isa = PBXBuildFile; fileRef = B8E9F53F237AF85300C4F308 /* 104-MaximumDepthBinaryTree-E.swift */; };
		D3A6EE6B27B3C7D600A6C162 /* 22-GenerateParentheses-M.swift in Sources */ = {isa = PBXBuildFile; fileRef = B883266E2375B8CC00D10D80 /* 22-GenerateParentheses-M.swift */; };
		D3A6EE6C27B3C7D600A6C162 /* 77-Combinations-M.swift in Sources */ = {isa = PBXBuildFile; fileRef = B8E9F547237EEA6200C4F308 /* 77-Combinations-M.swift */; };
		D3F2A139278ECBAF001FE9C1 /* main.swift in Sources */ = {isa = PBXBuildFile; fileRef = D3F2A138278ECBAF001FE9C1 /* main.swift */; };
/* End PBXBuildFile section */

/* Begin PBXCopyFilesBuildPhase section */
		D3A6EE6E27B3C7D600A6C162 /* CopyFiles */ = {
			isa = PBXCopyFilesBuildPhase;
			buildActionMask = 2147483647;
			dstPath = /usr/share/man/man1/;
			dstSubfolderSpec = 0;
			files = (
			);
			runOnlyForDeploymentPostprocessing = 1;
		};
		D3F2A134278ECBAF001FE9C1 /* CopyFiles */ = {
			isa = PBXCopyFilesBuildPhase;
			buildActionMask = 2147483647;
			dstPath = /usr/share/man/man1/;
			dstSubfolderSpec = 0;
			files = (
			);
			runOnlyForDeploymentPostprocessing = 1;
		};
/* End PBXCopyFilesBuildPhase section */

/* Begin PBXFileReference section */
		B86B8C312396A9960068A949 /* 50-PowXN-M.swift */ = {isa = PBXFileReference; lastKnownFileType = sourcecode.swift; path = "50-PowXN-M.swift"; sourceTree = "<group>"; };
		B86B8C33239801780068A949 /* 78-Subsets-M.swift */ = {isa = PBXFileReference; lastKnownFileType = sourcecode.swift; path = "78-Subsets-M.swift"; sourceTree = "<group>"; };
		B86B8C35239D163B0068A949 /* 169-MajorityElement-E.swift */ = {isa = PBXFileReference; lastKnownFileType = sourcecode.swift; path = "169-MajorityElement-E.swift"; sourceTree = "<group>"; };
		B86B8C37239EAB700068A949 /* 17-LetterCombinationsPhoneNumber-M.swift */ = {isa = PBXFileReference; lastKnownFileType = sourcecode.swift; path = "17-LetterCombinationsPhoneNumber-M.swift"; sourceTree = "<group>"; };
		B86D3E092363304600D618E1 /* 20-validParentheses-E.swift */ = {isa = PBXFileReference; lastKnownFileType = sourcecode.swift; path = "20-validParentheses-E.swift"; sourceTree = "<group>"; };
		B86D3E0B2363346400D618E1 /* 155-MinStack-E.swift */ = {isa = PBXFileReference; lastKnownFileType = sourcecode.swift; path = "155-MinStack-E.swift"; sourceTree = "<group>"; };
		B86D3E0D2363396800D618E1 /* 84-LargestRectangleArea-H.swift */ = {isa = PBXFileReference; lastKnownFileType = sourcecode.swift; path = "84-LargestRectangleArea-H.swift"; sourceTree = "<group>"; };
		B86D3E1023634A2900D618E1 /* 641-DesignCircularDeque-H.swift */ = {isa = PBXFileReference; lastKnownFileType = sourcecode.swift; path = "641-DesignCircularDeque-H.swift"; sourceTree = "<group>"; };
		B86D3E1223634AA800D618E1 /* 42-TrappingRainWater-H.swift */ = {isa = PBXFileReference; lastKnownFileType = sourcecode.swift; path = "42-TrappingRainWater-H.swift"; sourceTree = "<group>"; };
		B86D3E1423634B0F00D618E1 /* 239-MaxSlidingWindow-H.swift */ = {isa = PBXFileReference; lastKnownFileType = sourcecode.swift; path = "239-MaxSlidingWindow-H.swift"; sourceTree = "<group>"; };
		B86D3E1623635A6400D618E1 /* 242-validAnagram-E.swift */ = {isa = PBXFileReference; lastKnownFileType = sourcecode.swift; path = "242-validAnagram-E.swift"; sourceTree = "<group>"; };
		B86D3E182364A5BE00D618E1 /* 49-GroupAnagrams-M.swift */ = {isa = PBXFileReference; lastKnownFileType = sourcecode.swift; path = "49-GroupAnagrams-M.swift"; sourceTree = "<group>"; };
		B86D3E1A23673C9800D618E1 /* TreeNode.swift */ = {isa = PBXFileReference; lastKnownFileType = sourcecode.swift; path = TreeNode.swift; sourceTree = "<group>"; };
		B86D3E1C2367429100D618E1 /* 94-BinaryTreeInorderTraversal-M.swift */ = {isa = PBXFileReference; lastKnownFileType = sourcecode.swift; path = "94-BinaryTreeInorderTraversal-M.swift"; sourceTree = "<group>"; };
		B86D3E1E2367448100D618E1 /* 144-BinaryTreePreorderTraversal-M.swift */ = {isa = PBXFileReference; lastKnownFileType = sourcecode.swift; path = "144-BinaryTreePreorderTraversal-M.swift"; sourceTree = "<group>"; };
		B86D3E2023689F5B00D618E1 /* Node.swift */ = {isa = PBXFileReference; lastKnownFileType = sourcecode.swift; path = Node.swift; sourceTree = "<group>"; };
		B86D3E232368A03600D618E1 /* 590-NTreePostorderTraversal-E.swift */ = {isa = PBXFileReference; lastKnownFileType = sourcecode.swift; path = "590-NTreePostorderTraversal-E.swift"; sourceTree = "<group>"; };
		B86D3E252368A3FC00D618E1 /* 589-NTreePreorderTraversal-E.swift */ = {isa = PBXFileReference; lastKnownFileType = sourcecode.swift; path = "589-NTreePreorderTraversal-E.swift"; sourceTree = "<group>"; };
		B883266E2375B8CC00D10D80 /* 22-GenerateParentheses-M.swift */ = {isa = PBXFileReference; lastKnownFileType = sourcecode.swift; path = "22-GenerateParentheses-M.swift"; sourceTree = "<group>"; };
		B88F434C23804187004D65FB /* 46-Permutations-M.swift */ = {isa = PBXFileReference; lastKnownFileType = sourcecode.swift; path = "46-Permutations-M.swift"; sourceTree = "<group>"; };
		B88F434E23804A8B004D65FB /* 47-Permutations2-M.swift */ = {isa = PBXFileReference; fileEncoding = 4; lastKnownFileType = sourcecode.swift; path = "47-Permutations2-M.swift"; sourceTree = "<group>"; };
		B8A15B97240BF0E6007D5C7A /* README.md */ = {isa = PBXFileReference; fileEncoding = 4; lastKnownFileType = net.daringfireball.markdown; name = README.md; path = ../../README.md; sourceTree = "<group>"; };
		B8A15B98240BF124007D5C7A /* 142-linked-list-cycle-ii-M.swift */ = {isa = PBXFileReference; lastKnownFileType = sourcecode.swift; path = "142-linked-list-cycle-ii-M.swift"; sourceTree = "<group>"; };
		B8A15B9A240BFBB8007D5C7A /* 24-swap-nodes-in-pairs-M.swift */ = {isa = PBXFileReference; lastKnownFileType = sourcecode.swift; path = "24-swap-nodes-in-pairs-M.swift"; sourceTree = "<group>"; };
		B8A15B9E240FED5C007D5C7A /* 225-MyStack-E.swift */ = {isa = PBXFileReference; lastKnownFileType = sourcecode.swift; path = "225-MyStack-E.swift"; sourceTree = "<group>"; };
		B8A15BA2240FFA5D007D5C7A /* 844-Backspace-string-compare-E.swift */ = {isa = PBXFileReference; lastKnownFileType = sourcecode.swift; path = "844-Backspace-string-compare-E.swift"; sourceTree = "<group>"; };
		B8A15BA424114160007D5C7A /* 703-KthLargest-E.swift */ = {isa = PBXFileReference; lastKnownFileType = sourcecode.swift; path = "703-KthLargest-E.swift"; sourceTree = "<group>"; };
		B8A15BA724128CEC007D5C7A /* BinarySearch.swift */ = {isa = PBXFileReference; lastKnownFileType = sourcecode.swift; path = BinarySearch.swift; sourceTree = "<group>"; };
		B8B36C5A2402A6B20009F5C1 /* 19-RemoveNthNodeFromEndOfList-M.swift */ = {isa = PBXFileReference; lastKnownFileType = sourcecode.swift; path = "19-RemoveNthNodeFromEndOfList-M.swift"; sourceTree = "<group>"; };
		B8B36C5C2402B1400009F5C1 /* 141-LinkedListCycle-E.swift */ = {isa = PBXFileReference; lastKnownFileType = sourcecode.swift; path = "141-LinkedListCycle-E.swift"; sourceTree = "<group>"; };
		B8B36C602402B8630009F5C1 /* 876-middle-of-the-linked-list-E.swift */ = {isa = PBXFileReference; lastKnownFileType = sourcecode.swift; path = "876-middle-of-the-linked-list-E.swift"; sourceTree = "<group>"; };
		B8B36C622403EFC80009F5C1 /* 21-merge-two-sorted-lists-E.swift */ = {isa = PBXFileReference; lastKnownFileType = sourcecode.swift; path = "21-merge-two-sorted-lists-E.swift"; sourceTree = "<group>"; };
		B8E9F53B237865FA00C4F308 /* 226-InvertBinaryTree-E.swift */ = {isa = PBXFileReference; lastKnownFileType = sourcecode.swift; path = "226-InvertBinaryTree-E.swift"; sourceTree = "<group>"; };
		B8E9F53D2379AB2400C4F308 /* 98-ValidateBinarySearchTree-M.swift */ = {isa = PBXFileReference; lastKnownFileType = sourcecode.swift; path = "98-ValidateBinarySearchTree-M.swift"; sourceTree = "<group>"; };
		B8E9F53F237AF85300C4F308 /* 104-MaximumDepthBinaryTree-E.swift */ = {isa = PBXFileReference; lastKnownFileType = sourcecode.swift; path = "104-MaximumDepthBinaryTree-E.swift"; sourceTree = "<group>"; };
		B8E9F541237B02A200C4F308 /* 111-MinimumDepthBinaryTree-E.swift */ = {isa = PBXFileReference; lastKnownFileType = sourcecode.swift; path = "111-MinimumDepthBinaryTree-E.swift"; sourceTree = "<group>"; };
		B8E9F543237C484100C4F308 /* 236-LowestCommonAncestor-M.swift */ = {isa = PBXFileReference; lastKnownFileType = sourcecode.swift; path = "236-LowestCommonAncestor-M.swift"; sourceTree = "<group>"; };
		B8E9F545237DA7F900C4F308 /* 105-ConstructBinaryTreeFromPreorderAndInorderTraversal-M.swift */ = {isa = PBXFileReference; lastKnownFileType = sourcecode.swift; path = "105-ConstructBinaryTreeFromPreorderAndInorderTraversal-M.swift"; sourceTree = "<group>"; };
		B8E9F547237EEA6200C4F308 /* 77-Combinations-M.swift */ = {isa = PBXFileReference; lastKnownFileType = sourcecode.swift; path = "77-Combinations-M.swift"; sourceTree = "<group>"; };
		B8F03DE3235C6D1400EA2716 /* main.swift */ = {isa = PBXFileReference; lastKnownFileType = sourcecode.swift; path = main.swift; sourceTree = "<group>"; };
		B8F03DEB235C6DB600EA2716 /* 283-moveZeroes-E.swift */ = {isa = PBXFileReference; lastKnownFileType = sourcecode.swift; path = "283-moveZeroes-E.swift"; sourceTree = "<group>"; };
		B8F03DED235C6E4300EA2716 /* 11-maxArea-M.swift */ = {isa = PBXFileReference; lastKnownFileType = sourcecode.swift; path = "11-maxArea-M.swift"; sourceTree = "<group>"; };
		B8F03DEF235C6E9100EA2716 /* 70-climbStairs-E.swift */ = {isa = PBXFileReference; lastKnownFileType = sourcecode.swift; path = "70-climbStairs-E.swift"; sourceTree = "<group>"; };
		B8F03DF1235C6EB400EA2716 /* 1-TwoSum-E.swift */ = {isa = PBXFileReference; lastKnownFileType = sourcecode.swift; path = "1-TwoSum-E.swift"; sourceTree = "<group>"; };
		B8F03DF3235C6EDC00EA2716 /* 15-3Sum-M.swift */ = {isa = PBXFileReference; lastKnownFileType = sourcecode.swift; path = "15-3Sum-M.swift"; sourceTree = "<group>"; };
		B8F03DF5235C6F0900EA2716 /* 206-reverse-linked-list-E.swift */ = {isa = PBXFileReference; lastKnownFileType = sourcecode.swift; path = "206-reverse-linked-list-E.swift"; sourceTree = "<group>"; };
		B8F03DF8235C701100EA2716 /* ListNode.swift */ = {isa = PBXFileReference; lastKnownFileType = sourcecode.swift; path = ListNode.swift; sourceTree = "<group>"; };
		B8F03DFD235C807D00EA2716 /* 189-rotateArray-E.swift */ = {isa = PBXFileReference; lastKnownFileType = sourcecode.swift; path = "189-rotateArray-E.swift"; sourceTree = "<group>"; };
		B8F03DFF235C8C4B00EA2716 /* 88-mergeSortedArray-E.swift */ = {isa = PBXFileReference; lastKnownFileType = sourcecode.swift; path = "88-mergeSortedArray-E.swift"; sourceTree = "<group>"; };
		B8F03E01235C906700EA2716 /* 66-plusOne-E.swift */ = {isa = PBXFileReference; lastKnownFileType = sourcecode.swift; path = "66-plusOne-E.swift"; sourceTree = "<group>"; };
		D35536732696ABC4007ED6EF /* 18-4Sum-M.swift */ = {isa = PBXFileReference; lastKnownFileType = sourcecode.swift; path = "18-4Sum-M.swift"; sourceTree = "<group>"; };
		D393BF162697F0B500672E81 /* 235-LowestCommonAncestor-E.swift */ = {isa = PBXFileReference; fileEncoding = 4; lastKnownFileType = sourcecode.swift; path = "235-LowestCommonAncestor-E.swift"; sourceTree = "<group>"; };
		D393BF18269843DA00672E81 /* 122-MaxProfit-ii-E.swift */ = {isa = PBXFileReference; lastKnownFileType = sourcecode.swift; path = "122-MaxProfit-ii-E.swift"; sourceTree = "<group>"; };
		D393BF1A269C204700672E81 /* 102-LevelOrder-M.swift */ = {isa = PBXFileReference; lastKnownFileType = sourcecode.swift; path = "102-LevelOrder-M.swift"; sourceTree = "<group>"; };
		D393BF1C269C322B00672E81 /* 51-SolveNQueens-H.swift */ = {isa = PBXFileReference; lastKnownFileType = sourcecode.swift; path = "51-SolveNQueens-H.swift"; sourceTree = "<group>"; };
		D393BF2126A0271400672E81 /* 36-IsValidSudoku-M.swift */ = {isa = PBXFileReference; lastKnownFileType = sourcecode.swift; path = "36-IsValidSudoku-M.swift"; sourceTree = "<group>"; };
		D3A1320127A3F5A900140828 /* Sort.swift */ = {isa = PBXFileReference; lastKnownFileType = sourcecode.swift; path = Sort.swift; sourceTree = "<group>"; };
		D3A6EE7227B3C7D600A6C162 /* LeetCode */ = {isa = PBXFileReference; explicitFileType = "compiled.mach-o.executable"; includeInIndex = 0; path = LeetCode; sourceTree = BUILT_PRODUCTS_DIR; };
		D3F2A136278ECBAF001FE9C1 /* GeekbangDataStructureAlgo */ = {isa = PBXFileReference; explicitFileType = "compiled.mach-o.executable"; includeInIndex = 0; path = GeekbangDataStructureAlgo; sourceTree = BUILT_PRODUCTS_DIR; };
		D3F2A138278ECBAF001FE9C1 /* main.swift */ = {isa = PBXFileReference; lastKnownFileType = sourcecode.swift; path = main.swift; sourceTree = "<group>"; };
/* End PBXFileReference section */

/* Begin PBXFrameworksBuildPhase section */
		D3A6EE6D27B3C7D600A6C162 /* Frameworks */ = {
			isa = PBXFrameworksBuildPhase;
			buildActionMask = 2147483647;
			files = (
			);
			runOnlyForDeploymentPostprocessing = 0;
		};
		D3F2A133278ECBAF001FE9C1 /* Frameworks */ = {
			isa = PBXFrameworksBuildPhase;
			buildActionMask = 2147483647;
			files = (
			);
			runOnlyForDeploymentPostprocessing = 0;
		};
/* End PBXFrameworksBuildPhase section */

/* Begin PBXGroup section */
		B86D3E0F23634A1B00D618E1 /* 601-700 */ = {
			isa = PBXGroup;
			children = (
				B86D3E1023634A2900D618E1 /* 641-DesignCircularDeque-H.swift */,
			);
			path = "601-700";
			sourceTree = "<group>";
		};
		B86D3E222368A01900D618E1 /* 501-600 */ = {
			isa = PBXGroup;
			children = (
				B86D3E252368A3FC00D618E1 /* 589-NTreePreorderTraversal-E.swift */,
				B86D3E232368A03600D618E1 /* 590-NTreePostorderTraversal-E.swift */,
			);
			path = "501-600";
			sourceTree = "<group>";
		};
		B8A15BA624128CD0007D5C7A /* BinarySearch */ = {
			isa = PBXGroup;
			children = (
				B8A15BA724128CEC007D5C7A /* BinarySearch.swift */,
			);
			path = BinarySearch;
			sourceTree = "<group>";
		};
		B8B36C5E2402B8470009F5C1 /* 701-800 */ = {
			isa = PBXGroup;
			children = (
				B8A15BA424114160007D5C7A /* 703-KthLargest-E.swift */,
			);
			path = "701-800";
			sourceTree = "<group>";
		};
		B8B36C5F2402B84F0009F5C1 /* 801-900 */ = {
			isa = PBXGroup;
			children = (
				B8A15BA2240FFA5D007D5C7A /* 844-Backspace-string-compare-E.swift */,
				B8B36C602402B8630009F5C1 /* 876-middle-of-the-linked-list-E.swift */,
			);
			path = "801-900";
			sourceTree = "<group>";
		};
		B8F03DD7235C6D1400EA2716 = {
			isa = PBXGroup;
			children = (
				B8F03DE2235C6D1400EA2716 /* LeetCode */,
				D3F2A137278ECBAF001FE9C1 /* GeekbangDataStructureAlgo */,
				B8F03DE1235C6D1400EA2716 /* Products */,
			);
			sourceTree = "<group>";
		};
		B8F03DE1235C6D1400EA2716 /* Products */ = {
			isa = PBXGroup;
			children = (
				D3F2A136278ECBAF001FE9C1 /* GeekbangDataStructureAlgo */,
				D3A6EE7227B3C7D600A6C162 /* LeetCode */,
			);
			name = Products;
			sourceTree = "<group>";
		};
		B8F03DE2235C6D1400EA2716 /* LeetCode */ = {
			isa = PBXGroup;
			children = (
				B8F03DE3235C6D1400EA2716 /* main.swift */,
				B8A15B97240BF0E6007D5C7A /* README.md */,
				B8F03DFB235C7FB800EA2716 /* 1-100 */,
				B8F03DFA235C7FB700EA2716 /* 101-200 */,
				B8F03DFC235C7FB800EA2716 /* 201-300 */,
				B86D3E222368A01900D618E1 /* 501-600 */,
				B86D3E0F23634A1B00D618E1 /* 601-700 */,
				B8B36C5E2402B8470009F5C1 /* 701-800 */,
				B8B36C5F2402B84F0009F5C1 /* 801-900 */,
				B8F03DF7235C6FFF00EA2716 /* Class */,
				B8A15BA624128CD0007D5C7A /* BinarySearch */,
			);
			path = LeetCode;
			sourceTree = "<group>";
		};
		B8F03DF7235C6FFF00EA2716 /* Class */ = {
			isa = PBXGroup;
			children = (
				B8F03DF8235C701100EA2716 /* ListNode.swift */,
				B86D3E1A23673C9800D618E1 /* TreeNode.swift */,
				B86D3E2023689F5B00D618E1 /* Node.swift */,
			);
			path = Class;
			sourceTree = "<group>";
		};
		B8F03DFA235C7FB700EA2716 /* 101-200 */ = {
			isa = PBXGroup;
			children = (
				D393BF1A269C204700672E81 /* 102-LevelOrder-M.swift */,
				B8E9F53F237AF85300C4F308 /* 104-MaximumDepthBinaryTree-E.swift */,
				B8E9F545237DA7F900C4F308 /* 105-ConstructBinaryTreeFromPreorderAndInorderTraversal-M.swift */,
				B8E9F541237B02A200C4F308 /* 111-MinimumDepthBinaryTree-E.swift */,
				D393BF18269843DA00672E81 /* 122-MaxProfit-ii-E.swift */,
				B8B36C5C2402B1400009F5C1 /* 141-LinkedListCycle-E.swift */,
				B8A15B98240BF124007D5C7A /* 142-linked-list-cycle-ii-M.swift */,
				B86D3E1E2367448100D618E1 /* 144-BinaryTreePreorderTraversal-M.swift */,
				B86D3E0B2363346400D618E1 /* 155-MinStack-E.swift */,
				B86B8C35239D163B0068A949 /* 169-MajorityElement-E.swift */,
				B8F03DFD235C807D00EA2716 /* 189-rotateArray-E.swift */,
			);
			path = "101-200";
			sourceTree = "<group>";
		};
		B8F03DFB235C7FB800EA2716 /* 1-100 */ = {
			isa = PBXGroup;
			children = (
				B8F03DF1235C6EB400EA2716 /* 1-TwoSum-E.swift */,
				B8F03DED235C6E4300EA2716 /* 11-maxArea-M.swift */,
				B8F03DF3235C6EDC00EA2716 /* 15-3Sum-M.swift */,
				B86B8C37239EAB700068A949 /* 17-LetterCombinationsPhoneNumber-M.swift */,
				D35536732696ABC4007ED6EF /* 18-4Sum-M.swift */,
				B8B36C5A2402A6B20009F5C1 /* 19-RemoveNthNodeFromEndOfList-M.swift */,
				B86D3E092363304600D618E1 /* 20-validParentheses-E.swift */,
				B8B36C622403EFC80009F5C1 /* 21-merge-two-sorted-lists-E.swift */,
				B883266E2375B8CC00D10D80 /* 22-GenerateParentheses-M.swift */,
				B8A15B9A240BFBB8007D5C7A /* 24-swap-nodes-in-pairs-M.swift */,
				D393BF2126A0271400672E81 /* 36-IsValidSudoku-M.swift */,
				B86D3E1223634AA800D618E1 /* 42-TrappingRainWater-H.swift */,
				B88F434C23804187004D65FB /* 46-Permutations-M.swift */,
				B88F434E23804A8B004D65FB /* 47-Permutations2-M.swift */,
				B86D3E182364A5BE00D618E1 /* 49-GroupAnagrams-M.swift */,
				B86B8C312396A9960068A949 /* 50-PowXN-M.swift */,
				D393BF1C269C322B00672E81 /* 51-SolveNQueens-H.swift */,
				B8F03E01235C906700EA2716 /* 66-plusOne-E.swift */,
				B8F03DEF235C6E9100EA2716 /* 70-climbStairs-E.swift */,
				B8E9F547237EEA6200C4F308 /* 77-Combinations-M.swift */,
				B86B8C33239801780068A949 /* 78-Subsets-M.swift */,
				B86D3E0D2363396800D618E1 /* 84-LargestRectangleArea-H.swift */,
				B8F03DFF235C8C4B00EA2716 /* 88-mergeSortedArray-E.swift */,
				B86D3E1C2367429100D618E1 /* 94-BinaryTreeInorderTraversal-M.swift */,
				B8E9F53D2379AB2400C4F308 /* 98-ValidateBinarySearchTree-M.swift */,
			);
			path = "1-100";
			sourceTree = "<group>";
		};
		B8F03DFC235C7FB800EA2716 /* 201-300 */ = {
			isa = PBXGroup;
			children = (
				B8F03DF5235C6F0900EA2716 /* 206-reverse-linked-list-E.swift */,
				B8A15B9E240FED5C007D5C7A /* 225-MyStack-E.swift */,
				B8E9F53B237865FA00C4F308 /* 226-InvertBinaryTree-E.swift */,
				D393BF162697F0B500672E81 /* 235-LowestCommonAncestor-E.swift */,
				B8E9F543237C484100C4F308 /* 236-LowestCommonAncestor-M.swift */,
				B86D3E1423634B0F00D618E1 /* 239-MaxSlidingWindow-H.swift */,
				B86D3E1623635A6400D618E1 /* 242-validAnagram-E.swift */,
				B8F03DEB235C6DB600EA2716 /* 283-moveZeroes-E.swift */,
			);
			path = "201-300";
			sourceTree = "<group>";
		};
		D3F2A137278ECBAF001FE9C1 /* GeekbangDataStructureAlgo */ = {
			isa = PBXGroup;
			children = (
				D3F2A138278ECBAF001FE9C1 /* main.swift */,
				D3A1320127A3F5A900140828 /* Sort.swift */,
			);
			path = GeekbangDataStructureAlgo;
			sourceTree = "<group>";
		};
/* End PBXGroup section */

/* Begin PBXNativeTarget section */
		D3A6EE3427B3C7D600A6C162 /* LeetCode */ = {
			isa = PBXNativeTarget;
			buildConfigurationList = D3A6EE6F27B3C7D600A6C162 /* Build configuration list for PBXNativeTarget "LeetCode" */;
			buildPhases = (
				D3A6EE3527B3C7D600A6C162 /* Sources */,
				D3A6EE6D27B3C7D600A6C162 /* Frameworks */,
				D3A6EE6E27B3C7D600A6C162 /* CopyFiles */,
			);
			buildRules = (
			);
			dependencies = (
			);
			name = LeetCode;
			productName = LeetCode;
			productReference = D3A6EE7227B3C7D600A6C162 /* LeetCode */;
			productType = "com.apple.product-type.tool";
		};
		D3F2A135278ECBAF001FE9C1 /* GeekbangDataStructureAlgo */ = {
			isa = PBXNativeTarget;
			buildConfigurationList = D3F2A13C278ECBAF001FE9C1 /* Build configuration list for PBXNativeTarget "GeekbangDataStructureAlgo" */;
			buildPhases = (
				D3F2A132278ECBAF001FE9C1 /* Sources */,
				D3F2A133278ECBAF001FE9C1 /* Frameworks */,
				D3F2A134278ECBAF001FE9C1 /* CopyFiles */,
			);
			buildRules = (
			);
			dependencies = (
			);
			name = GeekbangDataStructureAlgo;
			productName = GeekbangDataStructureAlgo;
			productReference = D3F2A136278ECBAF001FE9C1 /* GeekbangDataStructureAlgo */;
			productType = "com.apple.product-type.tool";
		};
/* End PBXNativeTarget section */

/* Begin PBXProject section */
		B8F03DD8235C6D1400EA2716 /* Project object */ = {
			isa = PBXProject;
			attributes = {
				LastSwiftUpdateCheck = 1320;
				LastUpgradeCheck = 1100;
				ORGANIZATIONNAME = "张银龙";
				TargetAttributes = {
					D3F2A135278ECBAF001FE9C1 = {
						CreatedOnToolsVersion = 13.2.1;
					};
				};
			};
			buildConfigurationList = B8F03DDB235C6D1400EA2716 /* Build configuration list for PBXProject "Algo" */;
			compatibilityVersion = "Xcode 9.3";
			developmentRegion = en;
			hasScannedForEncodings = 0;
			knownRegions = (
				en,
				Base,
			);
			mainGroup = B8F03DD7235C6D1400EA2716;
			productRefGroup = B8F03DE1235C6D1400EA2716 /* Products */;
			projectDirPath = "";
			projectRoot = "";
			targets = (
				D3F2A135278ECBAF001FE9C1 /* GeekbangDataStructureAlgo */,
				D3A6EE3427B3C7D600A6C162 /* LeetCode */,
			);
		};
/* End PBXProject section */

/* Begin PBXSourcesBuildPhase section */
		D3A6EE3527B3C7D600A6C162 /* Sources */ = {
			isa = PBXSourcesBuildPhase;
			buildActionMask = 2147483647;
			files = (
				D3A6EE3627B3C7D600A6C162 /* 49-GroupAnagrams-M.swift in Sources */,
				D3A6EE3727B3C7D600A6C162 /* 703-KthLargest-E.swift in Sources */,
				D3A6EE3827B3C7D600A6C162 /* 98-ValidateBinarySearchTree-M.swift in Sources */,
				D3A6EE3927B3C7D600A6C162 /* 1-TwoSum-E.swift in Sources */,
				D3A6EE3A27B3C7D600A6C162 /* 20-validParentheses-E.swift in Sources */,
				D3A6EE3B27B3C7D600A6C162 /* TreeNode.swift in Sources */,
				D3A6EE3C27B3C7D600A6C162 /* 51-SolveNQueens-H.swift in Sources */,
				D3A6EE3D27B3C7D600A6C162 /* 18-4Sum-M.swift in Sources */,
				D3A6EE3E27B3C7D600A6C162 /* 105-ConstructBinaryTreeFromPreorderAndInorderTraversal-M.swift in Sources */,
				D3A6EE3F27B3C7D600A6C162 /* 239-MaxSlidingWindow-H.swift in Sources */,
				D3A6EE4027B3C7D600A6C162 /* 19-RemoveNthNodeFromEndOfList-M.swift in Sources */,
				D3A6EE4127B3C7D600A6C162 /* 876-middle-of-the-linked-list-E.swift in Sources */,
				D3A6EE4227B3C7D600A6C162 /* 50-PowXN-M.swift in Sources */,
				D3A6EE4327B3C7D600A6C162 /* 235-LowestCommonAncestor-E.swift in Sources */,
				D3A6EE4427B3C7D600A6C162 /* 24-swap-nodes-in-pairs-M.swift in Sources */,
				D3A6EE4527B3C7D600A6C162 /* 206-reverse-linked-list-E.swift in Sources */,
				D3A6EE4627B3C7D600A6C162 /* 844-Backspace-string-compare-E.swift in Sources */,
				D3A6EE4727B3C7D600A6C162 /* BinarySearch.swift in Sources */,
				D3A6EE4827B3C7D600A6C162 /* 226-InvertBinaryTree-E.swift in Sources */,
				D3A6EE4927B3C7D600A6C162 /* 122-MaxProfit-ii-E.swift in Sources */,
				D3A6EE4A27B3C7D600A6C162 /* 111-MinimumDepthBinaryTree-E.swift in Sources */,
				D3A6EE4B27B3C7D600A6C162 /* 70-climbStairs-E.swift in Sources */,
				D3A6EE4C27B3C7D600A6C162 /* 36-IsValidSudoku-M.swift in Sources */,
				D3A6EE4D27B3C7D600A6C162 /* 66-plusOne-E.swift in Sources */,
				D3A6EE4E27B3C7D600A6C162 /* ListNode.swift in Sources */,
				D3A6EE4F27B3C7D600A6C162 /* Node.swift in Sources */,
				D3A6EE5027B3C7D600A6C162 /* 11-maxArea-M.swift in Sources */,
				D3A6EE5127B3C7D600A6C162 /* 84-LargestRectangleArea-H.swift in Sources */,
				D3A6EE5227B3C7D600A6C162 /* 641-DesignCircularDeque-H.swift in Sources */,
				D3A6EE5327B3C7D600A6C162 /* 21-merge-two-sorted-lists-E.swift in Sources */,
				D3A6EE5427B3C7D600A6C162 /* 142-linked-list-cycle-ii-M.swift in Sources */,
				D3A6EE5527B3C7D600A6C162 /* 189-rotateArray-E.swift in Sources */,
				D3A6EE5627B3C7D600A6C162 /* 42-TrappingRainWater-H.swift in Sources */,
				D3A6EE5727B3C7D600A6C162 /* 283-moveZeroes-E.swift in Sources */,
				D3A6EE5827B3C7D600A6C162 /* 46-Permutations-M.swift in Sources */,
				D3A6EE5927B3C7D600A6C162 /* 94-BinaryTreeInorderTraversal-M.swift in Sources */,
				D3A6EE5A27B3C7D600A6C162 /* 47-Permutations2-M.swift in Sources */,
				D3A6EE5B27B3C7D600A6C162 /* 590-NTreePostorderTraversal-E.swift in Sources */,
				D3A6EE5C27B3C7D600A6C162 /* 78-Subsets-M.swift in Sources */,
				D3A6EE5D27B3C7D600A6C162 /* 155-MinStack-E.swift in Sources */,
				D3A6EE5E27B3C7D600A6C162 /* 236-LowestCommonAncestor-M.swift in Sources */,
				D3A6EE5F27B3C7D600A6C162 /* 17-LetterCombinationsPhoneNumber-M.swift in Sources */,
				D3A6EE6027B3C7D600A6C162 /* 141-LinkedListCycle-E.swift in Sources */,
				D3A6EE6127B3C7D600A6C162 /* 88-mergeSortedArray-E.swift in Sources */,
				D3A6EE6227B3C7D600A6C162 /* 102-LevelOrder-M.swift in Sources */,
				D3A6EE6327B3C7D600A6C162 /* 242-validAnagram-E.swift in Sources */,
				D3A6EE6427B3C7D600A6C162 /* 225-MyStack-E.swift in Sources */,
				D3A6EE6527B3C7D600A6C162 /* 169-MajorityElement-E.swift in Sources */,
				D3A6EE6627B3C7D600A6C162 /* 589-NTreePreorderTraversal-E.swift in Sources */,
				D3A6EE6727B3C7D600A6C162 /* main.swift in Sources */,
				D3A6EE6827B3C7D600A6C162 /* 144-BinaryTreePreorderTraversal-M.swift in Sources */,
				D3A6EE6927B3C7D600A6C162 /* 15-3Sum-M.swift in Sources */,
				D3A6EE6A27B3C7D600A6C162 /* 104-MaximumDepthBinaryTree-E.swift in Sources */,
				D3A6EE6B27B3C7D600A6C162 /* 22-GenerateParentheses-M.swift in Sources */,
				D3A6EE6C27B3C7D600A6C162 /* 77-Combinations-M.swift in Sources */,
			);
			runOnlyForDeploymentPostprocessing = 0;
		};
		D3F2A132278ECBAF001FE9C1 /* Sources */ = {
			isa = PBXSourcesBuildPhase;
			buildActionMask = 2147483647;
			files = (
				D3F2A139278ECBAF001FE9C1 /* main.swift in Sources */,
				D3A1320227A3F5A900140828 /* Sort.swift in Sources */,
			);
			runOnlyForDeploymentPostprocessing = 0;
		};
/* End PBXSourcesBuildPhase section */

/* Begin XCBuildConfiguration section */
		B8F03DE5235C6D1400EA2716 /* Debug */ = {
			isa = XCBuildConfiguration;
			buildSettings = {
				ALWAYS_SEARCH_USER_PATHS = NO;
				CLANG_ANALYZER_NONNULL = YES;
				CLANG_ANALYZER_NUMBER_OBJECT_CONVERSION = YES_AGGRESSIVE;
				CLANG_CXX_LANGUAGE_STANDARD = "gnu++14";
				CLANG_CXX_LIBRARY = "libc++";
				CLANG_ENABLE_MODULES = YES;
				CLANG_ENABLE_OBJC_ARC = YES;
				CLANG_ENABLE_OBJC_WEAK = YES;
				CLANG_WARN_BLOCK_CAPTURE_AUTORELEASING = YES;
				CLANG_WARN_BOOL_CONVERSION = YES;
				CLANG_WARN_COMMA = YES;
				CLANG_WARN_CONSTANT_CONVERSION = YES;
				CLANG_WARN_DEPRECATED_OBJC_IMPLEMENTATIONS = YES;
				CLANG_WARN_DIRECT_OBJC_ISA_USAGE = YES_ERROR;
				CLANG_WARN_DOCUMENTATION_COMMENTS = YES;
				CLANG_WARN_EMPTY_BODY = YES;
				CLANG_WARN_ENUM_CONVERSION = YES;
				CLANG_WARN_INFINITE_RECURSION = YES;
				CLANG_WARN_INT_CONVERSION = YES;
				CLANG_WARN_NON_LITERAL_NULL_CONVERSION = YES;
				CLANG_WARN_OBJC_IMPLICIT_RETAIN_SELF = YES;
				CLANG_WARN_OBJC_LITERAL_CONVERSION = YES;
				CLANG_WARN_OBJC_ROOT_CLASS = YES_ERROR;
				CLANG_WARN_RANGE_LOOP_ANALYSIS = YES;
				CLANG_WARN_STRICT_PROTOTYPES = YES;
				CLANG_WARN_SUSPICIOUS_MOVE = YES;
				CLANG_WARN_UNGUARDED_AVAILABILITY = YES_AGGRESSIVE;
				CLANG_WARN_UNREACHABLE_CODE = YES;
				CLANG_WARN__DUPLICATE_METHOD_MATCH = YES;
				COPY_PHASE_STRIP = NO;
				DEBUG_INFORMATION_FORMAT = dwarf;
				ENABLE_STRICT_OBJC_MSGSEND = YES;
				ENABLE_TESTABILITY = YES;
				GCC_C_LANGUAGE_STANDARD = gnu11;
				GCC_DYNAMIC_NO_PIC = NO;
				GCC_NO_COMMON_BLOCKS = YES;
				GCC_OPTIMIZATION_LEVEL = 0;
				GCC_PREPROCESSOR_DEFINITIONS = (
					"DEBUG=1",
					"$(inherited)",
				);
				GCC_WARN_64_TO_32_BIT_CONVERSION = YES;
				GCC_WARN_ABOUT_RETURN_TYPE = YES_ERROR;
				GCC_WARN_UNDECLARED_SELECTOR = YES;
				GCC_WARN_UNINITIALIZED_AUTOS = YES_AGGRESSIVE;
				GCC_WARN_UNUSED_FUNCTION = YES;
				GCC_WARN_UNUSED_VARIABLE = YES;
				MACOSX_DEPLOYMENT_TARGET = 10.15;
				MTL_ENABLE_DEBUG_INFO = INCLUDE_SOURCE;
				MTL_FAST_MATH = YES;
				ONLY_ACTIVE_ARCH = YES;
				SDKROOT = macosx;
				SWIFT_ACTIVE_COMPILATION_CONDITIONS = DEBUG;
				SWIFT_OPTIMIZATION_LEVEL = "-Onone";
			};
			name = Debug;
		};
		B8F03DE6235C6D1400EA2716 /* Release */ = {
			isa = XCBuildConfiguration;
			buildSettings = {
				ALWAYS_SEARCH_USER_PATHS = NO;
				CLANG_ANALYZER_NONNULL = YES;
				CLANG_ANALYZER_NUMBER_OBJECT_CONVERSION = YES_AGGRESSIVE;
				CLANG_CXX_LANGUAGE_STANDARD = "gnu++14";
				CLANG_CXX_LIBRARY = "libc++";
				CLANG_ENABLE_MODULES = YES;
				CLANG_ENABLE_OBJC_ARC = YES;
				CLANG_ENABLE_OBJC_WEAK = YES;
				CLANG_WARN_BLOCK_CAPTURE_AUTORELEASING = YES;
				CLANG_WARN_BOOL_CONVERSION = YES;
				CLANG_WARN_COMMA = YES;
				CLANG_WARN_CONSTANT_CONVERSION = YES;
				CLANG_WARN_DEPRECATED_OBJC_IMPLEMENTATIONS = YES;
				CLANG_WARN_DIRECT_OBJC_ISA_USAGE = YES_ERROR;
				CLANG_WARN_DOCUMENTATION_COMMENTS = YES;
				CLANG_WARN_EMPTY_BODY = YES;
				CLANG_WARN_ENUM_CONVERSION = YES;
				CLANG_WARN_INFINITE_RECURSION = YES;
				CLANG_WARN_INT_CONVERSION = YES;
				CLANG_WARN_NON_LITERAL_NULL_CONVERSION = YES;
				CLANG_WARN_OBJC_IMPLICIT_RETAIN_SELF = YES;
				CLANG_WARN_OBJC_LITERAL_CONVERSION = YES;
				CLANG_WARN_OBJC_ROOT_CLASS = YES_ERROR;
				CLANG_WARN_RANGE_LOOP_ANALYSIS = YES;
				CLANG_WARN_STRICT_PROTOTYPES = YES;
				CLANG_WARN_SUSPICIOUS_MOVE = YES;
				CLANG_WARN_UNGUARDED_AVAILABILITY = YES_AGGRESSIVE;
				CLANG_WARN_UNREACHABLE_CODE = YES;
				CLANG_WARN__DUPLICATE_METHOD_MATCH = YES;
				COPY_PHASE_STRIP = NO;
				DEBUG_INFORMATION_FORMAT = "dwarf-with-dsym";
				ENABLE_NS_ASSERTIONS = NO;
				ENABLE_STRICT_OBJC_MSGSEND = YES;
				GCC_C_LANGUAGE_STANDARD = gnu11;
				GCC_NO_COMMON_BLOCKS = YES;
				GCC_WARN_64_TO_32_BIT_CONVERSION = YES;
				GCC_WARN_ABOUT_RETURN_TYPE = YES_ERROR;
				GCC_WARN_UNDECLARED_SELECTOR = YES;
				GCC_WARN_UNINITIALIZED_AUTOS = YES_AGGRESSIVE;
				GCC_WARN_UNUSED_FUNCTION = YES;
				GCC_WARN_UNUSED_VARIABLE = YES;
				MACOSX_DEPLOYMENT_TARGET = 10.15;
				MTL_ENABLE_DEBUG_INFO = NO;
				MTL_FAST_MATH = YES;
				SDKROOT = macosx;
				SWIFT_COMPILATION_MODE = wholemodule;
				SWIFT_OPTIMIZATION_LEVEL = "-O";
			};
			name = Release;
		};
		D3A6EE7027B3C7D600A6C162 /* Debug */ = {
			isa = XCBuildConfiguration;
			buildSettings = {
				CODE_SIGN_STYLE = Automatic;
				DEVELOPMENT_TEAM = 5CB6FU3N5X;
				ENABLE_HARDENED_RUNTIME = YES;
				PRODUCT_NAME = "$(TARGET_NAME)";
				SWIFT_VERSION = 5.0;
			};
			name = Debug;
		};
		D3A6EE7127B3C7D600A6C162 /* Release */ = {
			isa = XCBuildConfiguration;
			buildSettings = {
				CODE_SIGN_STYLE = Automatic;
				DEVELOPMENT_TEAM = 5CB6FU3N5X;
				ENABLE_HARDENED_RUNTIME = YES;
				PRODUCT_NAME = "$(TARGET_NAME)";
				SWIFT_VERSION = 5.0;
			};
			name = Release;
		};
		D3F2A13A278ECBAF001FE9C1 /* Debug */ = {
			isa = XCBuildConfiguration;
			buildSettings = {
				CLANG_CXX_LANGUAGE_STANDARD = "gnu++17";
				CLANG_WARN_QUOTED_INCLUDE_IN_FRAMEWORK_HEADER = YES;
				CODE_SIGN_STYLE = Automatic;
				DEVELOPMENT_TEAM = VVN9N5DLNV;
				ENABLE_HARDENED_RUNTIME = YES;
				MACOSX_DEPLOYMENT_TARGET = 12.0;
				PRODUCT_NAME = "$(TARGET_NAME)";
				SWIFT_VERSION = 5.0;
			};
			name = Debug;
		};
		D3F2A13B278ECBAF001FE9C1 /* Release */ = {
			isa = XCBuildConfiguration;
			buildSettings = {
				CLANG_CXX_LANGUAGE_STANDARD = "gnu++17";
				CLANG_WARN_QUOTED_INCLUDE_IN_FRAMEWORK_HEADER = YES;
				CODE_SIGN_STYLE = Automatic;
				DEVELOPMENT_TEAM = VVN9N5DLNV;
				ENABLE_HARDENED_RUNTIME = YES;
				MACOSX_DEPLOYMENT_TARGET = 12.0;
				PRODUCT_NAME = "$(TARGET_NAME)";
				SWIFT_VERSION = 5.0;
			};
			name = Release;
		};
/* End XCBuildConfiguration section */

/* Begin XCConfigurationList section */
		B8F03DDB235C6D1400EA2716 /* Build configuration list for PBXProject "Algo" */ = {
			isa = XCConfigurationList;
			buildConfigurations = (
				B8F03DE5235C6D1400EA2716 /* Debug */,
				B8F03DE6235C6D1400EA2716 /* Release */,
			);
			defaultConfigurationIsVisible = 0;
			defaultConfigurationName = Release;
		};
		D3A6EE6F27B3C7D600A6C162 /* Build configuration list for PBXNativeTarget "LeetCode" */ = {
			isa = XCConfigurationList;
			buildConfigurations = (
				D3A6EE7027B3C7D600A6C162 /* Debug */,
				D3A6EE7127B3C7D600A6C162 /* Release */,
			);
			defaultConfigurationIsVisible = 0;
			defaultConfigurationName = Release;
		};
		D3F2A13C278ECBAF001FE9C1 /* Build configuration list for PBXNativeTarget "GeekbangDataStructureAlgo" */ = {
			isa = XCConfigurationList;
			buildConfigurations = (
				D3F2A13A278ECBAF001FE9C1 /* Debug */,
				D3F2A13B278ECBAF001FE9C1 /* Release */,
			);
			defaultConfigurationIsVisible = 0;
			defaultConfigurationName = Release;
		};
/* End XCConfigurationList section */
	};
	rootObject = B8F03DD8235C6D1400EA2716 /* Project object */;
}
